
Microsoft Visual Studio Solution File, Format Version 12.00
# Visual Studio Version 17
VisualStudioVersion = 17.0.31903.59
MinimumVisualStudioVersion = 10.0.40219.1
Project("{2150E333-8FDC-42A3-9474-1A3956D46DE8}") = "src", "src", "{827E0CD3-B72D-47B6-A68D-7590B98EB39B}"
EndProject
Project("{FAE04EC0-301F-11D3-BF4B-00C04F79EFBC}") = "AccessControlPro.Domain", "src\AccessControlPro.Domain\AccessControlPro.Domain.csproj", "{7DE9C35D-BBF1-47BD-9421-4AD1C8924EA5}"
EndProject
Project("{FAE04EC0-301F-11D3-BF4B-00C04F79EFBC}") = "AccessControlPro.Application", "src\AccessControlPro.Application\AccessControlPro.Application.csproj", "{4ED75A4A-6807-44BD-9F8F-E8BB95FB79A7}"
EndProject
Project("{FAE04EC0-301F-11D3-BF4B-00C04F79EFBC}") = "AccessControlPro.SDK", "src\AccessControlPro.SDK\AccessControlPro.SDK.csproj", "{A844DDFC-F568-439E-9008-BC790E3FB0EA}"
EndProject
Project("{FAE04EC0-301F-11D3-BF4B-00C04F79EFBC}") = "AccessControlPro.Infrastructure", "src\AccessControlPro.Infrastructure\AccessControlPro.Infrastructure.csproj", "{379AA3C4-048D-41A2-83BF-72B10824AA05}"
EndProject
Project("{FAE04EC0-301F-11D3-BF4B-00C04F79EFBC}") = "AccessControlPro.WPF", "src\AccessControlPro.WPF\AccessControlPro.WPF.csproj", "{3998B339-09DB-4583-91C1-00256D7EAA61}"
EndProject
Project("{FAE04EC0-301F-11D3-BF4B-00C04F79EFBC}") = "AccessControlPro.Admin", "src\AccessControlPro.Admin\AccessControlPro.Admin.csproj", "{753BC706-91EF-4E4E-B9C5-A12CCC19394B}"
EndProject
Project("{FAE04EC0-301F-11D3-BF4B-00C04F79EFBC}") = "AccessControlPro.POS", "src\AccessControlPro.POS\AccessControlPro.POS.csproj", "{69776844-72A8-4D6E-9C77-CD9A775922E7}"
EndProject
Project("{2150E333-8FDC-42A3-9474-1A3956D46DE8}") = "tools", "tools", "{07C2787E-EAC7-C090-1BA3-A61EC2A24D84}"
EndProject
Project("{FAE04EC0-301F-11D3-BF4B-00C04F79EFBC}") = "KeyGen", "tools\KeyGen\KeyGen.csproj", "{EA4B97D9-0482-44CD-B55A-3714EF1D42B6}"
EndProject
Project("{FAE04EC0-301F-11D3-BF4B-00C04F79EFBC}") = "AccessControlPro.CardSync", "src\AccessControlPro.CardSync\AccessControlPro.CardSync.csproj", "{5F32FDA8-C521-4C3D-A555-2AA164F8BD40}"
EndProject
Project("{FAE04EC0-301F-11D3-BF4B-00C04F79EFBC}") = "AccessControlPro.Web", "src\AccessControlPro.Web\AccessControlPro.Web.csproj", "{BCCCD021-97D7-4196-8023-3A6E8D144917}"
EndProject
Global
	GlobalSection(SolutionConfigurationPlatforms) = preSolution
		Debug|Any CPU = Debug|Any CPU
		Debug|x64 = Debug|x64
		Debug|x86 = Debug|x86
		Release|Any CPU = Release|Any CPU
		Release|x64 = Release|x64
		Release|x86 = Release|x86
	EndGlobalSection
	GlobalSection(ProjectConfigurationPlatforms) = postSolution
		{7DE9C35D-BBF1-47BD-9421-4AD1C8924EA5}.Debug|Any CPU.ActiveCfg = Debug|Any CPU
		{7DE9C35D-BBF1-47BD-9421-4AD1C8924EA5}.Debug|Any CPU.Build.0 = Debug|Any CPU
		{7DE9C35D-BBF1-47BD-9421-4AD1C8924EA5}.Debug|x64.ActiveCfg = Debug|Any CPU
		{7DE9C35D-BBF1-47BD-9421-4AD1C8924EA5}.Debug|x64.Build.0 = Debug|Any CPU
		{7DE9C35D-BBF1-47BD-9421-4AD1C8924EA5}.Debug|x86.ActiveCfg = Debug|Any CPU
		{7DE9C35D-BBF1-47BD-9421-4AD1C8924EA5}.Debug|x86.Build.0 = Debug|Any CPU
		{7DE9C35D-BBF1-47BD-9421-4AD1C8924EA5}.Release|Any CPU.ActiveCfg = Release|Any CPU
		{7DE9C35D-BBF1-47BD-9421-4AD1C8924EA5}.Release|Any CPU.Build.0 = Release|Any CPU
		{7DE9C35D-BBF1-47BD-9421-4AD1C8924EA5}.Release|x64.ActiveCfg = Release|Any CPU
		{7DE9C35D-BBF1-47BD-9421-4AD1C8924EA5}.Release|x64.Build.0 = Release|Any CPU
		{7DE9C35D-BBF1-47BD-9421-4AD1C8924EA5}.Release|x86.ActiveCfg = Release|Any CPU
		{7DE9C35D-BBF1-47BD-9421-4AD1C8924EA5}.Release|x86.Build.0 = Release|Any CPU
		{4ED75A4A-6807-44BD-9F8F-E8BB95FB79A7}.Debug|Any CPU.ActiveCfg = Debug|Any CPU
		{4ED75A4A-6807-44BD-9F8F-E8BB95FB79A7}.Debug|Any CPU.Build.0 = Debug|Any CPU
		{4ED75A4A-6807-44BD-9F8F-E8BB95FB79A7}.Debug|x64.ActiveCfg = Debug|Any CPU
		{4ED75A4A-6807-44BD-9F8F-E8BB95FB79A7}.Debug|x64.Build.0 = Debug|Any CPU
		{4ED75A4A-6807-44BD-9F8F-E8BB95FB79A7}.Debug|x86.ActiveCfg = Debug|Any CPU
		{4ED75A4A-6807-44BD-9F8F-E8BB95FB79A7}.Debug|x86.Build.0 = Debug|Any CPU
		{4ED75A4A-6807-44BD-9F8F-E8BB95FB79A7}.Release|Any CPU.ActiveCfg = Release|Any CPU
		{4ED75A4A-6807-44BD-9F8F-E8BB95FB79A7}.Release|Any CPU.Build.0 = Release|Any CPU
		{4ED75A4A-6807-44BD-9F8F-E8BB95FB79A7}.Release|x64.ActiveCfg = Release|Any CPU
		{4ED75A4A-6807-44BD-9F8F-E8BB95FB79A7}.Release|x64.Build.0 = Release|Any CPU
		{4ED75A4A-6807-44BD-9F8F-E8BB95FB79A7}.Release|x86.ActiveCfg = Release|Any CPU
		{4ED75A4A-6807-44BD-9F8F-E8BB95FB79A7}.Release|x86.Build.0 = Release|Any CPU
		{A844DDFC-F568-439E-9008-BC790E3FB0EA}.Debug|Any CPU.ActiveCfg = Debug|Any CPU
		{A844DDFC-F568-439E-9008-BC790E3FB0EA}.Debug|Any CPU.Build.0 = Debug|Any CPU
		{A844DDFC-F568-439E-9008-BC790E3FB0EA}.Debug|x64.ActiveCfg = Debug|Any CPU
		{A844DDFC-F568-439E-9008-BC790E3FB0EA}.Debug|x64.Build.0 = Debug|Any CPU
		{A844DDFC-F568-439E-9008-BC790E3FB0EA}.Debug|x86.ActiveCfg = Debug|Any CPU
		{A844DDFC-F568-439E-9008-BC790E3FB0EA}.Debug|x86.Build.0 = Debug|Any CPU
		{A844DDFC-F568-439E-9008-BC790E3FB0EA}.Release|Any CPU.ActiveCfg = Release|Any CPU
		{A844DDFC-F568-439E-9008-BC790E3FB0EA}.Release|Any CPU.Build.0 = Release|Any CPU
		{A844DDFC-F568-439E-9008-BC790E3FB0EA}.Release|x64.ActiveCfg = Release|Any CPU
		{A844DDFC-F568-439E-9008-BC790E3FB0EA}.Release|x64.Build.0 = Release|Any CPU
		{A844DDFC-F568-439E-9008-BC790E3FB0EA}.Release|x86.ActiveCfg = Release|Any CPU
		{A844DDFC-F568-439E-9008-BC790E3FB0EA}.Release|x86.Build.0 = Release|Any CPU
		{379AA3C4-048D-41A2-83BF-72B10824AA05}.Debug|Any CPU.ActiveCfg = Debug|Any CPU
		{379AA3C4-048D-41A2-83BF-72B10824AA05}.Debug|Any CPU.Build.0 = Debug|Any CPU
		{379AA3C4-048D-41A2-83BF-72B10824AA05}.Debug|x64.ActiveCfg = Debug|Any CPU
		{379AA3C4-048D-41A2-83BF-72B10824AA05}.Debug|x64.Build.0 = Debug|Any CPU
		{379AA3C4-048D-41A2-83BF-72B10824AA05}.Debug|x86.ActiveCfg = Debug|Any CPU
		{379AA3C4-048D-41A2-83BF-72B10824AA05}.Debug|x86.Build.0 = Debug|Any CPU
		{379AA3C4-048D-41A2-83BF-72B10824AA05}.Release|Any CPU.ActiveCfg = Release|Any CPU
		{379AA3C4-048D-41A2-83BF-72B10824AA05}.Release|Any CPU.Build.0 = Release|Any CPU
		{379AA3C4-048D-41A2-83BF-72B10824AA05}.Release|x64.ActiveCfg = Release|Any CPU
		{379AA3C4-048D-41A2-83BF-72B10824AA05}.Release|x64.Build.0 = Release|Any CPU
		{379AA3C4-048D-41A2-83BF-72B10824AA05}.Release|x86.ActiveCfg = Release|Any CPU
		{379AA3C4-048D-41A2-83BF-72B10824AA05}.Release|x86.Build.0 = Release|Any CPU
		{3998B339-09DB-4583-91C1-00256D7EAA61}.Debug|Any CPU.ActiveCfg = Debug|Any CPU
		{3998B339-09DB-4583-91C1-00256D7EAA61}.Debug|Any CPU.Build.0 = Debug|Any CPU
		{3998B339-09DB-4583-91C1-00256D7EAA61}.Debug|x64.ActiveCfg = Debug|Any CPU
		{3998B339-09DB-4583-91C1-00256D7EAA61}.Debug|x64.Build.0 = Debug|Any CPU
		{3998B339-09DB-4583-91C1-00256D7EAA61}.Debug|x86.ActiveCfg = Debug|Any CPU
		{3998B339-09DB-4583-91C1-00256D7EAA61}.Debug|x86.Build.0 = Debug|Any CPU
		{3998B339-09DB-4583-91C1-00256D7EAA61}.Release|Any CPU.ActiveCfg = Release|Any CPU
		{3998B339-09DB-4583-91C1-00256D7EAA61}.Release|Any CPU.Build.0 = Release|Any CPU
		{3998B339-09DB-4583-91C1-00256D7EAA61}.Release|x64.ActiveCfg = Release|Any CPU
		{3998B339-09DB-4583-91C1-00256D7EAA61}.Release|x64.Build.0 = Release|Any CPU
		{3998B339-09DB-4583-91C1-00256D7EAA61}.Release|x86.ActiveCfg = Release|Any CPU
		{3998B339-09DB-4583-91C1-00256D7EAA61}.Release|x86.Build.0 = Release|Any CPU
		{753BC706-91EF-4E4E-B9C5-A12CCC19394B}.Debug|Any CPU.ActiveCfg = Debug|Any CPU
		{753BC706-91EF-4E4E-B9C5-A12CCC19394B}.Debug|Any CPU.Build.0 = Debug|Any CPU
		{753BC706-91EF-4E4E-B9C5-A12CCC19394B}.Debug|x64.ActiveCfg = Debug|Any CPU
		{753BC706-91EF-4E4E-B9C5-A12CCC19394B}.Debug|x64.Build.0 = Debug|Any CPU
		{753BC706-91EF-4E4E-B9C5-A12CCC19394B}.Debug|x86.ActiveCfg = Debug|Any CPU
		{753BC706-91EF-4E4E-B9C5-A12CCC19394B}.Debug|x86.Build.0 = Debug|Any CPU
		{753BC706-91EF-4E4E-B9C5-A12CCC19394B}.Release|Any CPU.ActiveCfg = Release|Any CPU
		{753BC706-91EF-4E4E-B9C5-A12CCC19394B}.Release|Any CPU.Build.0 = Release|Any CPU
		{753BC706-91EF-4E4E-B9C5-A12CCC19394B}.Release|x64.ActiveCfg = Release|Any CPU
		{753BC706-91EF-4E4E-B9C5-A12CCC19394B}.Release|x64.Build.0 = Release|Any CPU
		{753BC706-91EF-4E4E-B9C5-A12CCC19394B}.Release|x86.ActiveCfg = Release|Any CPU
		{753BC706-91EF-4E4E-B9C5-A12CCC19394B}.Release|x86.Build.0 = Release|Any CPU
		{69776844-72A8-4D6E-9C77-CD9A775922E7}.Debug|Any CPU.ActiveCfg = Debug|Any CPU
		{69776844-72A8-4D6E-9C77-CD9A775922E7}.Debug|Any CPU.Build.0 = Debug|Any CPU
		{69776844-72A8-4D6E-9C77-CD9A775922E7}.Debug|x64.ActiveCfg = Debug|Any CPU
		{69776844-72A8-4D6E-9C77-CD9A775922E7}.Debug|x64.Build.0 = Debug|Any CPU
		{69776844-72A8-4D6E-9C77-CD9A775922E7}.Debug|x86.ActiveCfg = Debug|Any CPU
		{69776844-72A8-4D6E-9C77-CD9A775922E7}.Debug|x86.Build.0 = Debug|Any CPU
		{69776844-72A8-4D6E-9C77-CD9A775922E7}.Release|Any CPU.ActiveCfg = Release|Any CPU
		{69776844-72A8-4D6E-9C77-CD9A775922E7}.Release|Any CPU.Build.0 = Release|Any CPU
		{69776844-72A8-4D6E-9C77-CD9A775922E7}.Release|x64.ActiveCfg = Release|Any CPU
		{69776844-72A8-4D6E-9C77-CD9A775922E7}.Release|x64.Build.0 = Release|Any CPU
		{69776844-72A8-4D6E-9C77-CD9A775922E7}.Release|x86.ActiveCfg = Release|Any CPU
		{69776844-72A8-4D6E-9C77-CD9A775922E7}.Release|x86.Build.0 = Release|Any CPU
		{EA4B97D9-0482-44CD-B55A-3714EF1D42B6}.Debug|Any CPU.ActiveCfg = Debug|Any CPU
		{EA4B97D9-0482-44CD-B55A-3714EF1D42B6}.Debug|Any CPU.Build.0 = Debug|Any CPU
		{EA4B97D9-0482-44CD-B55A-3714EF1D42B6}.Debug|x64.ActiveCfg = Debug|Any CPU
		{EA4B97D9-0482-44CD-B55A-3714EF1D42B6}.Debug|x64.Build.0 = Debug|Any CPU
		{EA4B97D9-0482-44CD-B55A-3714EF1D42B6}.Debug|x86.ActiveCfg = Debug|Any CPU
		{EA4B97D9-0482-44CD-B55A-3714EF1D42B6}.Debug|x86.Build.0 = Debug|Any CPU
		{EA4B97D9-0482-44CD-B55A-3714EF1D42B6}.Release|Any CPU.ActiveCfg = Release|Any CPU
		{EA4B97D9-0482-44CD-B55A-3714EF1D42B6}.Release|Any CPU.Build.0 = Release|Any CPU
		{EA4B97D9-0482-44CD-B55A-3714EF1D42B6}.Release|x64.ActiveCfg = Release|Any CPU
		{EA4B97D9-0482-44CD-B55A-3714EF1D42B6}.Release|x64.Build.0 = Release|Any CPU
		{EA4B97D9-0482-44CD-B55A-3714EF1D42B6}.Release|x86.ActiveCfg = Release|Any CPU
		{EA4B97D9-0482-44CD-B55A-3714EF1D42B6}.Release|x86.Build.0 = Release|Any CPU
		{5F32FDA8-C521-4C3D-A555-2AA164F8BD40}.Debug|Any CPU.ActiveCfg = Debug|Any CPU
		{5F32FDA8-C521-4C3D-A555-2AA164F8BD40}.Debug|Any CPU.Build.0 = Debug|Any CPU
		{5F32FDA8-C521-4C3D-A555-2AA164F8BD40}.Debug|x64.ActiveCfg = Debug|Any CPU
		{5F32FDA8-C521-4C3D-A555-2AA164F8BD40}.Debug|x64.Build.0 = Debug|Any CPU
		{5F32FDA8-C521-4C3D-A555-2AA164F8BD40}.Debug|x86.ActiveCfg = Debug|Any CPU
		{5F32FDA8-C521-4C3D-A555-2AA164F8BD40}.Debug|x86.Build.0 = Debug|Any CPU
		{5F32FDA8-C521-4C3D-A555-2AA164F8BD40}.Release|Any CPU.ActiveCfg = Release|Any CPU
		{5F32FDA8-C521-4C3D-A555-2AA164F8BD40}.Release|Any CPU.Build.0 = Release|Any CPU
		{5F32FDA8-C521-4C3D-A555-2AA164F8BD40}.Release|x64.ActiveCfg = Release|Any CPU
		{5F32FDA8-C521-4C3D-A555-2AA164F8BD40}.Release|x64.Build.0 = Release|Any CPU
		{5F32FDA8-C521-4C3D-A555-2AA164F8BD40}.Release|x86.ActiveCfg = Release|Any CPU
		{5F32FDA8-C521-4C3D-A555-2AA164F8BD40}.Release|x86.Build.0 = Release|Any CPU
		{BCCCD021-97D7-4196-8023-3A6E8D144917}.Debug|Any CPU.ActiveCfg = Debug|Any CPU
		{BCCCD021-97D7-4196-8023-3A6E8D144917}.Debug|Any CPU.Build.0 = Debug|Any CPU
		{BCCCD021-97D7-4196-8023-3A6E8D144917}.Debug|x64.ActiveCfg = Debug|Any CPU
		{BCCCD021-97D7-4196-8023-3A6E8D144917}.Debug|x64.Build.0 = Debug|Any CPU
		{BCCCD021-97D7-4196-8023-3A6E8D144917}.Debug|x86.ActiveCfg = Debug|Any CPU
		{BCCCD021-97D7-4196-8023-3A6E8D144917}.Debug|x86.Build.0 = Debug|Any CPU
		{BCCCD021-97D7-4196-8023-3A6E8D144917}.Release|Any CPU.ActiveCfg = Release|Any CPU
		{BCCCD021-97D7-4196-8023-3A6E8D144917}.Release|Any CPU.Build.0 = Release|Any CPU
		{BCCCD021-97D7-4196-8023-3A6E8D144917}.Release|x64.ActiveCfg = Release|Any CPU
		{BCCCD021-97D7-4196-8023-3A6E8D144917}.Release|x64.Build.0 = Release|Any CPU
		{BCCCD021-97D7-4196-8023-3A6E8D144917}.Release|x86.ActiveCfg = Release|Any CPU
		{BCCCD021-97D7-4196-8023-3A6E8D144917}.Release|x86.Build.0 = Release|Any CPU
	EndGlobalSection
	GlobalSection(SolutionProperties) = preSolution
		HideSolutionNode = FALSE
	EndGlobalSection
	GlobalSection(NestedProjects) = preSolution
		{7DE9C35D-BBF1-47BD-9421-4AD1C8924EA5} = {827E0CD3-B72D-47B6-A68D-7590B98EB39B}
		{4ED75A4A-6807-44BD-9F8F-E8BB95FB79A7} = {827E0CD3-B72D-47B6-A68D-7590B98EB39B}
		{A844DDFC-F568-439E-9008-BC790E3FB0EA} = {827E0CD3-B72D-47B6-A68D-7590B98EB39B}
		{379AA3C4-048D-41A2-83BF-72B10824AA05} = {827E0CD3-B72D-47B6-A68D-7590B98EB39B}
		{3998B339-09DB-4583-91C1-00256D7EAA61} = {827E0CD3-B72D-47B6-A68D-7590B98EB39B}
		{753BC706-91EF-4E4E-B9C5-A12CCC19394B} = {827E0CD3-B72D-47B6-A68D-7590B98EB39B}
		{69776844-72A8-4D6E-9C77-CD9A775922E7} = {827E0CD3-B72D-47B6-A68D-7590B98EB39B}
		{EA4B97D9-0482-44CD-B55A-3714EF1D42B6} = {07C2787E-EAC7-C090-1BA3-A61EC2A24D84}
		{5F32FDA8-C521-4C3D-A555-2AA164F8BD40} = {827E0CD3-B72D-47B6-A68D-7590B98EB39B}
		{BCCCD021-97D7-4196-8023-3A6E8D144917} = {827E0CD3-B72D-47B6-A68D-7590B98EB39B}
	EndGlobalSection
EndGlobal
